
Microsoft Visual Studio Solution File, Format Version 12.00
# Visual Studio Version 17
VisualStudioVersion = 17.11.35222.181
MinimumVisualStudioVersion = 10.0.40219.1
Project("{9A19103F-16F7-4668-BE54-9A1E7A4F7556}") = "TodoApp", "Todo\TodoApp.csproj", "{CBD89415-24CA-45D9-95D2-51876251218A}"
EndProject
Global
	GlobalSection(SolutionConfigurationPlatforms) = preSolution
		Debug|Any CPU = Debug|Any CPU
		Release|Any CPU = Release|Any CPU
	EndGlobalSection
	GlobalSection(ProjectConfigurationPlatforms) = postSolution
		{CBD89415-24CA-45D9-95D2-51876251218A}.Debug|Any CPU.ActiveCfg = Debug|Any CPU
		{CBD89415-24CA-45D9-95D2-51876251218A}.Debug|Any CPU.Build.0 = Debug|Any CPU
		{CBD89415-24CA-45D9-95D2-51876251218A}.Release|Any CPU.ActiveCfg = Release|Any CPU
		{CBD89415-24CA-45D9-95D2-51876251218A}.Release|Any CPU.Build.0 = Release|Any CPU
	EndGlobalSection
	GlobalSection(SolutionProperties) = preSolution
		HideSolutionNode = FALSE
	EndGlobalSection
	GlobalSection(ExtensibilityGlobals) = postSolution
		SolutionGuid = {EF7D9AED-3F68-47CC-93CB-45998842B477}
	EndGlobalSection
EndGlobal
